{
  "name": "miniprogram-ts-less-quickstart",
  "version": "1.0.0",
  "lockfileVersion": 2,
  "requires": true,
  "packages": {
    "": {
      "name": "miniprogram-ts-less-quickstart",
      "version": "1.0.0",
      "dependencies": {
        "@vant/weapp": "^1.9.2"
      },
      "devDependencies": {
        "miniprogram-api-typings": "^3.4.4"
      }
    },
    "node_modules/@vant/weapp": {
      "version": "1.9.2",
      "resolved": "https://registry.npmmirror.com/@vant/weapp/download/@vant/weapp-1.9.2.tgz",
      "integrity": "sha1-QGF0wR0/Qh277/mVpVbOHTBimQg=",
      "license": "MIT"
    },
    "node_modules/miniprogram-api-typings": {
      "version": "3.4.4",
      "resolved": "https://registry.npmmirror.com/miniprogram-api-typings/download/miniprogram-api-typings-3.4.4.tgz?cache=0&sync_timestamp=1635559997264&other_urls=https%3A%2F%2Fregistry.npmmirror.com%2Fminiprogram-api-typings%2Fdownload%2Fminiprogram-api-typings-3.4.4.tgz",
      "integrity": "sha1-pozh8Q/yR5tSHNSvJ2ojBBuQ8vY=",
      "dev": true,
      "license": "MIT"
    }
  },
  "dependencies": {
    "@vant/weapp": {
      "version": "1.9.2",
      "resolved": "https://registry.npmmirror.com/@vant/weapp/download/@vant/weapp-1.9.2.tgz",
      "integrity": "sha1-QGF0wR0/Qh277/mVpVbOHTBimQg="
    },
    "miniprogram-api-typings": {
      "version": "3.4.4",
      "resolved": "https://registry.npmmirror.com/miniprogram-api-typings/download/miniprogram-api-typings-3.4.4.tgz?cache=0&sync_timestamp=1635559997264&other_urls=https%3A%2F%2Fregistry.npmmirror.com%2Fminiprogram-api-typings%2Fdownload%2Fminiprogram-api-typings-3.4.4.tgz",
      "integrity": "sha1-pozh8Q/yR5tSHNSvJ2ojBBuQ8vY=",
      "dev": true
    }
  }
}
